{
  "version": 4,
  "terraform_version": "1.3.7",
  "serial": 25,
  "lineage": "208313c0-ce85-9484-e872-4d7983e096a5",
  "outputs": {},
  "resources": [
    {
      "mode": "managed",
      "type": "github_repository",
      "name": "new-repo",
      "provider": "provider[\"registry.terraform.io/integrations/github\"]",
      "instances": [
        {
          "schema_version": 1,
          "attributes": {
            "allow_auto_merge": false,
            "allow_merge_commit": true,
            "allow_rebase_merge": true,
            "allow_squash_merge": true,
            "allow_update_branch": false,
            "archive_on_destroy": null,
            "archived": false,
            "auto_init": true,
            "default_branch": "main",
            "delete_branch_on_merge": false,
            "description": "My awesome codebase",
            "etag": "W/\"36e96492d0f408d257e555a2a0fe8ddd0f42ce16990f6494c1dc2f91fbc45444\"",
            "full_name": "palo-it-hk/new_terraform_created_repo",
            "git_clone_url": "git://github.com/palo-it-hk/new_terraform_created_repo.git",
            "gitignore_template": null,
            "has_discussions": false,
            "has_downloads": false,
            "has_issues": false,
            "has_projects": false,
            "has_wiki": false,
            "homepage_url": "",
            "html_url": "https://github.com/palo-it-hk/new_terraform_created_repo",
            "http_clone_url": "https://github.com/palo-it-hk/new_terraform_created_repo.git",
            "id": "new_terraform_created_repo",
            "ignore_vulnerability_alerts_during_read": null,
            "is_template": false,
            "license_template": null,
            "merge_commit_message": "PR_TITLE",
            "merge_commit_title": "MERGE_MESSAGE",
            "name": "new_terraform_created_repo",
            "node_id": "R_kgDOIx8nVg",
            "pages": [],
            "private": true,
            "repo_id": 589244246,
            "security_and_analysis": [],
            "squash_merge_commit_message": "COMMIT_MESSAGES",
            "squash_merge_commit_title": "COMMIT_OR_PR_TITLE",
            "ssh_clone_url": "git@github.com:palo-it-hk/new_terraform_created_repo.git",
            "svn_url": "https://github.com/palo-it-hk/new_terraform_created_repo",
            "template": [],
            "topics": null,
            "visibility": "private",
            "vulnerability_alerts": false
          },
          "sensitive_attributes": [],
          "private": "eyJzY2hlbWFfdmVyc2lvbiI6IjEifQ=="
        }
      ]
    }
  ],
  "check_results": null
}
